// !$*UTF8*$!
{
	archiveVersion = 1;
	classes = {
	};
	objectVersion = 55;
	objects = {

/* Begin PBXBuildFile section */
		C732C621282FE5D6003BFB5D /* ConcentrationGameApp.swift in Sources */ = {isa = PBXBuildFile; fileRef = C732C611282FE5D4003BFB5D /* ConcentrationGameApp.swift */; };
		C732C622282FE5D6003BFB5D /* ConcentrationGameApp.swift in Sources */ = {isa = PBXBuildFile; fileRef = C732C611282FE5D4003BFB5D /* ConcentrationGameApp.swift */; };
		C732C623282FE5D6003BFB5D /* EmojiMemoryGameView.swift in Sources */ = {isa = PBXBuildFile; fileRef = C732C612282FE5D4003BFB5D /* EmojiMemoryGameView.swift */; };
		C732C624282FE5D6003BFB5D /* EmojiMemoryGameView.swift in Sources */ = {isa = PBXBuildFile; fileRef = C732C612282FE5D4003BFB5D /* EmojiMemoryGameView.swift */; };
		C732C625282FE5D6003BFB5D /* Assets.xcassets in Resources */ = {isa = PBXBuildFile; fileRef = C732C613282FE5D6003BFB5D /* Assets.xcassets */; };
		C732C626282FE5D6003BFB5D /* Assets.xcassets in Resources */ = {isa = PBXBuildFile; fileRef = C732C613282FE5D6003BFB5D /* Assets.xcassets */; };
		C732C63028300707003BFB5D /* MemoryGame.swift in Sources */ = {isa = PBXBuildFile; fileRef = C732C62F28300707003BFB5D /* MemoryGame.swift */; };
		C732C63128300707003BFB5D /* MemoryGame.swift in Sources */ = {isa = PBXBuildFile; fileRef = C732C62F28300707003BFB5D /* MemoryGame.swift */; };
		C732C6332830081A003BFB5D /* EmojiMemoryGame.swift in Sources */ = {isa = PBXBuildFile; fileRef = C732C6322830081A003BFB5D /* EmojiMemoryGame.swift */; };
		C732C6342830081A003BFB5D /* EmojiMemoryGame.swift in Sources */ = {isa = PBXBuildFile; fileRef = C732C6322830081A003BFB5D /* EmojiMemoryGame.swift */; };
		C791B8A82831AF690037EF08 /* AspectVGrid.swift in Sources */ = {isa = PBXBuildFile; fileRef = C791B8A72831AF690037EF08 /* AspectVGrid.swift */; };
		C791B8A92831AF690037EF08 /* AspectVGrid.swift in Sources */ = {isa = PBXBuildFile; fileRef = C791B8A72831AF690037EF08 /* AspectVGrid.swift */; };
		C791B8AB2831B8240037EF08 /* Pie.swift in Sources */ = {isa = PBXBuildFile; fileRef = C791B8AA2831B8240037EF08 /* Pie.swift */; };
		C791B8AC2831B8240037EF08 /* Pie.swift in Sources */ = {isa = PBXBuildFile; fileRef = C791B8AA2831B8240037EF08 /* Pie.swift */; };
		C791B8AE283442790037EF08 /* Cardify.swift in Sources */ = {isa = PBXBuildFile; fileRef = C791B8AD283442790037EF08 /* Cardify.swift */; };
		C791B8AF283442790037EF08 /* Cardify.swift in Sources */ = {isa = PBXBuildFile; fileRef = C791B8AD283442790037EF08 /* Cardify.swift */; };
/* End PBXBuildFile section */

/* Begin PBXFileReference section */
		C732C611282FE5D4003BFB5D /* ConcentrationGameApp.swift */ = {isa = PBXFileReference; lastKnownFileType = sourcecode.swift; path = ConcentrationGameApp.swift; sourceTree = "<group>"; };
		C732C612282FE5D4003BFB5D /* EmojiMemoryGameView.swift */ = {isa = PBXFileReference; lastKnownFileType = sourcecode.swift; path = EmojiMemoryGameView.swift; sourceTree = "<group>"; };
		C732C613282FE5D6003BFB5D /* Assets.xcassets */ = {isa = PBXFileReference; lastKnownFileType = folder.assetcatalog; path = Assets.xcassets; sourceTree = "<group>"; };
		C732C618282FE5D6003BFB5D /* ConcentrationGame.app */ = {isa = PBXFileReference; explicitFileType = wrapper.application; includeInIndex = 0; path = ConcentrationGame.app; sourceTree = BUILT_PRODUCTS_DIR; };
		C732C61E282FE5D6003BFB5D /* ConcentrationGame.app */ = {isa = PBXFileReference; explicitFileType = wrapper.application; includeInIndex = 0; path = ConcentrationGame.app; sourceTree = BUILT_PRODUCTS_DIR; };
		C732C620282FE5D6003BFB5D /* macOS.entitlements */ = {isa = PBXFileReference; lastKnownFileType = text.plist.entitlements; path = macOS.entitlements; sourceTree = "<group>"; };
		C732C62F28300707003BFB5D /* MemoryGame.swift */ = {isa = PBXFileReference; lastKnownFileType = sourcecode.swift; path = MemoryGame.swift; sourceTree = "<group>"; };
		C732C6322830081A003BFB5D /* EmojiMemoryGame.swift */ = {isa = PBXFileReference; lastKnownFileType = sourcecode.swift; path = EmojiMemoryGame.swift; sourceTree = "<group>"; };
		C791B8A72831AF690037EF08 /* AspectVGrid.swift */ = {isa = PBXFileReference; lastKnownFileType = sourcecode.swift; path = AspectVGrid.swift; sourceTree = "<group>"; };
		C791B8AA2831B8240037EF08 /* Pie.swift */ = {isa = PBXFileReference; lastKnownFileType = sourcecode.swift; path = Pie.swift; sourceTree = "<group>"; };
		C791B8AD283442790037EF08 /* Cardify.swift */ = {isa = PBXFileReference; lastKnownFileType = sourcecode.swift; path = Cardify.swift; sourceTree = "<group>"; };
/* End PBXFileReference section */

/* Begin PBXFrameworksBuildPhase section */
		C732C615282FE5D6003BFB5D /* Frameworks */ = {
			isa = PBXFrameworksBuildPhase;
			buildActionMask = 2147483647;
			files = (
			);
			runOnlyForDeploymentPostprocessing = 0;
		};
		C732C61B282FE5D6003BFB5D /* Frameworks */ = {
			isa = PBXFrameworksBuildPhase;
			buildActionMask = 2147483647;
			files = (
			);
			runOnlyForDeploymentPostprocessing = 0;
		};
/* End PBXFrameworksBuildPhase section */

/* Begin PBXGroup section */
		C732C60B282FE5D4003BFB5D = {
			isa = PBXGroup;
			children = (
				C732C610282FE5D4003BFB5D /* Shared */,
				C732C61F282FE5D6003BFB5D /* macOS */,
				C732C619282FE5D6003BFB5D /* Products */,
			);
			sourceTree = "<group>";
		};
		C732C610282FE5D4003BFB5D /* Shared */ = {
			isa = PBXGroup;
			children = (
				C732C611282FE5D4003BFB5D /* ConcentrationGameApp.swift */,
				C732C612282FE5D4003BFB5D /* EmojiMemoryGameView.swift */,
				C791B8AD283442790037EF08 /* Cardify.swift */,
				C791B8AA2831B8240037EF08 /* Pie.swift */,
				C791B8A72831AF690037EF08 /* AspectVGrid.swift */,
				C732C6322830081A003BFB5D /* EmojiMemoryGame.swift */,
				C732C62F28300707003BFB5D /* MemoryGame.swift */,
				C732C613282FE5D6003BFB5D /* Assets.xcassets */,
			);
			path = Shared;
			sourceTree = "<group>";
		};
		C732C619282FE5D6003BFB5D /* Products */ = {
			isa = PBXGroup;
			children = (
				C732C618282FE5D6003BFB5D /* ConcentrationGame.app */,
				C732C61E282FE5D6003BFB5D /* ConcentrationGame.app */,
			);
			name = Products;
			sourceTree = "<group>";
		};
		C732C61F282FE5D6003BFB5D /* macOS */ = {
			isa = PBXGroup;
			children = (
				C732C620282FE5D6003BFB5D /* macOS.entitlements */,
			);
			path = macOS;
			sourceTree = "<group>";
		};
/* End PBXGroup section */

/* Begin PBXNativeTarget section */
		C732C617282FE5D6003BFB5D /* ConcentrationGame (iOS) */ = {
			isa = PBXNativeTarget;
			buildConfigurationList = C732C629282FE5D6003BFB5D /* Build configuration list for PBXNativeTarget "ConcentrationGame (iOS)" */;
			buildPhases = (
				C732C614282FE5D6003BFB5D /* Sources */,
				C732C615282FE5D6003BFB5D /* Frameworks */,
				C732C616282FE5D6003BFB5D /* Resources */,
			);
			buildRules = (
			);
			dependencies = (
			);
			name = "ConcentrationGame (iOS)";
			productName = "ConcentrationGame (iOS)";
			productReference = C732C618282FE5D6003BFB5D /* ConcentrationGame.app */;
			productType = "com.apple.product-type.application";
		};
		C732C61D282FE5D6003BFB5D /* ConcentrationGame (macOS) */ = {
			isa = PBXNativeTarget;
			buildConfigurationList = C732C62C282FE5D6003BFB5D /* Build configuration list for PBXNativeTarget "ConcentrationGame (macOS)" */;
			buildPhases = (
				C732C61A282FE5D6003BFB5D /* Sources */,
				C732C61B282FE5D6003BFB5D /* Frameworks */,
				C732C61C282FE5D6003BFB5D /* Resources */,
			);
			buildRules = (
			);
			dependencies = (
			);
			name = "ConcentrationGame (macOS)";
			productName = "ConcentrationGame (macOS)";
			productReference = C732C61E282FE5D6003BFB5D /* ConcentrationGame.app */;
			productType = "com.apple.product-type.application";
		};
/* End PBXNativeTarget section */

/* Begin PBXProject section */
		C732C60C282FE5D4003BFB5D /* Project object */ = {
			isa = PBXProject;
			attributes = {
				BuildIndependentTargetsInParallel = 1;
				LastSwiftUpdateCheck = 1330;
				LastUpgradeCheck = 1330;
				TargetAttributes = {
					C732C617282FE5D6003BFB5D = {
						CreatedOnToolsVersion = 13.3;
					};
					C732C61D282FE5D6003BFB5D = {
						CreatedOnToolsVersion = 13.3;
					};
				};
			};
			buildConfigurationList = C732C60F282FE5D4003BFB5D /* Build configuration list for PBXProject "ConcentrationGame" */;
			compatibilityVersion = "Xcode 13.0";
			developmentRegion = en;
			hasScannedForEncodings = 0;
			knownRegions = (
				en,
				Base,
			);
			mainGroup = C732C60B282FE5D4003BFB5D;
			productRefGroup = C732C619282FE5D6003BFB5D /* Products */;
			projectDirPath = "";
			projectRoot = "";
			targets = (
				C732C617282FE5D6003BFB5D /* ConcentrationGame (iOS) */,
				C732C61D282FE5D6003BFB5D /* ConcentrationGame (macOS) */,
			);
		};
/* End PBXProject section */

/* Begin PBXResourcesBuildPhase section */
		C732C616282FE5D6003BFB5D /* Resources */ = {
			isa = PBXResourcesBuildPhase;
			buildActionMask = 2147483647;
			files = (
				C732C625282FE5D6003BFB5D /* Assets.xcassets in Resources */,
			);
			runOnlyForDeploymentPostprocessing = 0;
		};
		C732C61C282FE5D6003BFB5D /* Resources */ = {
			isa = PBXResourcesBuildPhase;
			buildActionMask = 2147483647;
			files = (
				C732C626282FE5D6003BFB5D /* Assets.xcassets in Resources */,
			);
			runOnlyForDeploymentPostprocessing = 0;
		};
/* End PBXResourcesBuildPhase section */

/* Begin PBXSourcesBuildPhase section */
		C732C614282FE5D6003BFB5D /* Sources */ = {
			isa = PBXSourcesBuildPhase;
			buildActionMask = 2147483647;
			files = (
				C791B8AB2831B8240037EF08 /* Pie.swift in Sources */,
				C791B8AE283442790037EF08 /* Cardify.swift in Sources */,
				C732C63028300707003BFB5D /* MemoryGame.swift in Sources */,
				C732C623282FE5D6003BFB5D /* EmojiMemoryGameView.swift in Sources */,
				C732C621282FE5D6003BFB5D /* ConcentrationGameApp.swift in Sources */,
				C791B8A82831AF690037EF08 /* AspectVGrid.swift in Sources */,
				C732C6332830081A003BFB5D /* EmojiMemoryGame.swift in Sources */,
			);
			runOnlyForDeploymentPostprocessing = 0;
		};
		C732C61A282FE5D6003BFB5D /* Sources */ = {
			isa = PBXSourcesBuildPhase;
			buildActionMask = 2147483647;
			files = (
				C791B8AC2831B8240037EF08 /* Pie.swift in Sources */,
				C791B8AF283442790037EF08 /* Cardify.swift in Sources */,
				C732C63128300707003BFB5D /* MemoryGame.swift in Sources */,
				C732C624282FE5D6003BFB5D /* EmojiMemoryGameView.swift in Sources */,
				C732C622282FE5D6003BFB5D /* ConcentrationGameApp.swift in Sources */,
				C791B8A92831AF690037EF08 /* AspectVGrid.swift in Sources */,
				C732C6342830081A003BFB5D /* EmojiMemoryGame.swift in Sources */,
			);
			runOnlyForDeploymentPostprocessing = 0;
		};
/* End PBXSourcesBuildPhase section */

/* Begin XCBuildConfiguration section */
		C732C627282FE5D6003BFB5D /* Debug */ = {
			isa = XCBuildConfiguration;
			buildSettings = {
				ALWAYS_SEARCH_USER_PATHS = NO;
				CLANG_ANALYZER_NONNULL = YES;
				CLANG_ANALYZER_NUMBER_OBJECT_CONVERSION = YES_AGGRESSIVE;
				CLANG_CXX_LANGUAGE_STANDARD = "gnu++17";
				CLANG_ENABLE_MODULES = YES;
				CLANG_ENABLE_OBJC_ARC = YES;
				CLANG_ENABLE_OBJC_WEAK = YES;
				CLANG_WARN_BLOCK_CAPTURE_AUTORELEASING = YES;
				CLANG_WARN_BOOL_CONVERSION = YES;
				CLANG_WARN_COMMA = YES;
				CLANG_WARN_CONSTANT_CONVERSION = YES;
				CLANG_WARN_DEPRECATED_OBJC_IMPLEMENTATIONS = YES;
				CLANG_WARN_DIRECT_OBJC_ISA_USAGE = YES_ERROR;
				CLANG_WARN_DOCUMENTATION_COMMENTS = YES;
				CLANG_WARN_EMPTY_BODY = YES;
				CLANG_WARN_ENUM_CONVERSION = YES;
				CLANG_WARN_INFINITE_RECURSION = YES;
				CLANG_WARN_INT_CONVERSION = YES;
				CLANG_WARN_NON_LITERAL_NULL_CONVERSION = YES;
				CLANG_WARN_OBJC_IMPLICIT_RETAIN_SELF = YES;
				CLANG_WARN_OBJC_LITERAL_CONVERSION = YES;
				CLANG_WARN_OBJC_ROOT_CLASS = YES_ERROR;
				CLANG_WARN_QUOTED_INCLUDE_IN_FRAMEWORK_HEADER = YES;
				CLANG_WARN_RANGE_LOOP_ANALYSIS = YES;
				CLANG_WARN_STRICT_PROTOTYPES = YES;
				CLANG_WARN_SUSPICIOUS_MOVE = YES;
				CLANG_WARN_UNGUARDED_AVAILABILITY = YES_AGGRESSIVE;
				CLANG_WARN_UNREACHABLE_CODE = YES;
				CLANG_WARN__DUPLICATE_METHOD_MATCH = YES;
				COPY_PHASE_STRIP = NO;
				DEBUG_INFORMATION_FORMAT = dwarf;
				ENABLE_STRICT_OBJC_MSGSEND = YES;
				ENABLE_TESTABILITY = YES;
				GCC_C_LANGUAGE_STANDARD = gnu11;
				GCC_DYNAMIC_NO_PIC = NO;
				GCC_NO_COMMON_BLOCKS = YES;
				GCC_OPTIMIZATION_LEVEL = 0;
				GCC_PREPROCESSOR_DEFINITIONS = (
					"DEBUG=1",
					"$(inherited)",
				);
				GCC_WARN_64_TO_32_BIT_CONVERSION = YES;
				GCC_WARN_ABOUT_RETURN_TYPE = YES_ERROR;
				GCC_WARN_UNDECLARED_SELECTOR = YES;
				GCC_WARN_UNINITIALIZED_AUTOS = YES_AGGRESSIVE;
				GCC_WARN_UNUSED_FUNCTION = YES;
				GCC_WARN_UNUSED_VARIABLE = YES;
				MTL_ENABLE_DEBUG_INFO = INCLUDE_SOURCE;
				MTL_FAST_MATH = YES;
				ONLY_ACTIVE_ARCH = YES;
				SWIFT_ACTIVE_COMPILATION_CONDITIONS = DEBUG;
				SWIFT_OPTIMIZATION_LEVEL = "-Onone";
			};
			name = Debug;
		};
		C732C628282FE5D6003BFB5D /* Release */ = {
			isa = XCBuildConfiguration;
			buildSettings = {
				ALWAYS_SEARCH_USER_PATHS = NO;
				CLANG_ANALYZER_NONNULL = YES;
				CLANG_ANALYZER_NUMBER_OBJECT_CONVERSION = YES_AGGRESSIVE;
				CLANG_CXX_LANGUAGE_STANDARD = "gnu++17";
				CLANG_ENABLE_MODULES = YES;
				CLANG_ENABLE_OBJC_ARC = YES;
				CLANG_ENABLE_OBJC_WEAK = YES;
				CLANG_WARN_BLOCK_CAPTURE_AUTORELEASING = YES;
				CLANG_WARN_BOOL_CONVERSION = YES;
				CLANG_WARN_COMMA = YES;
				CLANG_WARN_CONSTANT_CONVERSION = YES;
				CLANG_WARN_DEPRECATED_OBJC_IMPLEMENTATIONS = YES;
				CLANG_WARN_DIRECT_OBJC_ISA_USAGE = YES_ERROR;
				CLANG_WARN_DOCUMENTATION_COMMENTS = YES;
				CLANG_WARN_EMPTY_BODY = YES;
				CLANG_WARN_ENUM_CONVERSION = YES;
				CLANG_WARN_INFINITE_RECURSION = YES;
				CLANG_WARN_INT_CONVERSION = YES;
				CLANG_WARN_NON_LITERAL_NULL_CONVERSION = YES;
				CLANG_WARN_OBJC_IMPLICIT_RETAIN_SELF = YES;
				CLANG_WARN_OBJC_LITERAL_CONVERSION = YES;
				CLANG_WARN_OBJC_ROOT_CLASS = YES_ERROR;
				CLANG_WARN_QUOTED_INCLUDE_IN_FRAMEWORK_HEADER = YES;
				CLANG_WARN_RANGE_LOOP_ANALYSIS = YES;
				CLANG_WARN_STRICT_PROTOTYPES = YES;
				CLANG_WARN_SUSPICIOUS_MOVE = YES;
				CLANG_WARN_UNGUARDED_AVAILABILITY = YES_AGGRESSIVE;
				CLANG_WARN_UNREACHABLE_CODE = YES;
				CLANG_WARN__DUPLICATE_METHOD_MATCH = YES;
				COPY_PHASE_STRIP = NO;
				DEBUG_INFORMATION_FORMAT = "dwarf-with-dsym";
				ENABLE_NS_ASSERTIONS = NO;
				ENABLE_STRICT_OBJC_MSGSEND = YES;
				GCC_C_LANGUAGE_STANDARD = gnu11;
				GCC_NO_COMMON_BLOCKS = YES;
				GCC_WARN_64_TO_32_BIT_CONVERSION = YES;
				GCC_WARN_ABOUT_RETURN_TYPE = YES_ERROR;
				GCC_WARN_UNDECLARED_SELECTOR = YES;
				GCC_WARN_UNINITIALIZED_AUTOS = YES_AGGRESSIVE;
				GCC_WARN_UNUSED_FUNCTION = YES;
				GCC_WARN_UNUSED_VARIABLE = YES;
				MTL_ENABLE_DEBUG_INFO = NO;
				MTL_FAST_MATH = YES;
				SWIFT_COMPILATION_MODE = wholemodule;
				SWIFT_OPTIMIZATION_LEVEL = "-O";
			};
			name = Release;
		};
		C732C62A282FE5D6003BFB5D /* Debug */ = {
			isa = XCBuildConfiguration;
			buildSettings = {
				ASSETCATALOG_COMPILER_APPICON_NAME = AppIcon;
				ASSETCATALOG_COMPILER_GLOBAL_ACCENT_COLOR_NAME = AccentColor;
				CODE_SIGN_STYLE = Automatic;
				CURRENT_PROJECT_VERSION = 1;
				DEVELOPMENT_TEAM = JZXFRUSM49;
				ENABLE_PREVIEWS = YES;
				GENERATE_INFOPLIST_FILE = YES;
				INFOPLIST_KEY_UIApplicationSceneManifest_Generation = YES;
				INFOPLIST_KEY_UIApplicationSupportsIndirectInputEvents = YES;
				INFOPLIST_KEY_UILaunchScreen_Generation = YES;
				INFOPLIST_KEY_UISupportedInterfaceOrientations_iPad = "UIInterfaceOrientationPortrait UIInterfaceOrientationPortraitUpsideDown UIInterfaceOrientationLandscapeLeft UIInterfaceOrientationLandscapeRight";
				INFOPLIST_KEY_UISupportedInterfaceOrientations_iPhone = "UIInterfaceOrientationPortrait UIInterfaceOrientationLandscapeLeft UIInterfaceOrientationLandscapeRight";
				IPHONEOS_DEPLOYMENT_TARGET = 15.4;
				LD_RUNPATH_SEARCH_PATHS = (
					"$(inherited)",
					"@executable_path/Frameworks",
				);
				MARKETING_VERSION = 1.0;
				PRODUCT_BUNDLE_IDENTIFIER = com.vcapretz.ConcentrationGame;
				PRODUCT_NAME = ConcentrationGame;
				SDKROOT = iphoneos;
				SWIFT_EMIT_LOC_STRINGS = YES;
				SWIFT_VERSION = 5.0;
				TARGETED_DEVICE_FAMILY = "1,2";
			};
			name = Debug;
		};
		C732C62B282FE5D6003BFB5D /* Release */ = {
			isa = XCBuildConfiguration;
			buildSettings = {
				ASSETCATALOG_COMPILER_APPICON_NAME = AppIcon;
				ASSETCATALOG_COMPILER_GLOBAL_ACCENT_COLOR_NAME = AccentColor;
				CODE_SIGN_STYLE = Automatic;
				CURRENT_PROJECT_VERSION = 1;
				DEVELOPMENT_TEAM = JZXFRUSM49;
				ENABLE_PREVIEWS = YES;
				GENERATE_INFOPLIST_FILE = YES;
				INFOPLIST_KEY_UIApplicationSceneManifest_Generation = YES;
				INFOPLIST_KEY_UIApplicationSupportsIndirectInputEvents = YES;
				INFOPLIST_KEY_UILaunchScreen_Generation = YES;
				INFOPLIST_KEY_UISupportedInterfaceOrientations_iPad = "UIInterfaceOrientationPortrait UIInterfaceOrientationPortraitUpsideDown UIInterfaceOrientationLandscapeLeft UIInterfaceOrientationLandscapeRight";
				INFOPLIST_KEY_UISupportedInterfaceOrientations_iPhone = "UIInterfaceOrientationPortrait UIInterfaceOrientationLandscapeLeft UIInterfaceOrientationLandscapeRight";
				IPHONEOS_DEPLOYMENT_TARGET = 15.4;
				LD_RUNPATH_SEARCH_PATHS = (
					"$(inherited)",
					"@executable_path/Frameworks",
				);
				MARKETING_VERSION = 1.0;
				PRODUCT_BUNDLE_IDENTIFIER = com.vcapretz.ConcentrationGame;
				PRODUCT_NAME = ConcentrationGame;
				SDKROOT = iphoneos;
				SWIFT_EMIT_LOC_STRINGS = YES;
				SWIFT_VERSION = 5.0;
				TARGETED_DEVICE_FAMILY = "1,2";
				VALIDATE_PRODUCT = YES;
			};
			name = Release;
		};
		C732C62D282FE5D6003BFB5D /* Debug */ = {
			isa = XCBuildConfiguration;
			buildSettings = {
				ASSETCATALOG_COMPILER_APPICON_NAME = AppIcon;
				ASSETCATALOG_COMPILER_GLOBAL_ACCENT_COLOR_NAME = AccentColor;
				CODE_SIGN_ENTITLEMENTS = macOS/macOS.entitlements;
				CODE_SIGN_STYLE = Automatic;
				COMBINE_HIDPI_IMAGES = YES;
				CURRENT_PROJECT_VERSION = 1;
				DEVELOPMENT_TEAM = JZXFRUSM49;
				ENABLE_HARDENED_RUNTIME = YES;
				ENABLE_PREVIEWS = YES;
				GENERATE_INFOPLIST_FILE = YES;
				INFOPLIST_KEY_NSHumanReadableCopyright = "";
				LD_RUNPATH_SEARCH_PATHS = (
					"$(inherited)",
					"@executable_path/../Frameworks",
				);
				MACOSX_DEPLOYMENT_TARGET = 12.3;
				MARKETING_VERSION = 1.0;
				PRODUCT_BUNDLE_IDENTIFIER = com.vcapretz.ConcentrationGame;
				PRODUCT_NAME = ConcentrationGame;
				SDKROOT = macosx;
				SWIFT_EMIT_LOC_STRINGS = YES;
				SWIFT_VERSION = 5.0;
			};
			name = Debug;
		};
		C732C62E282FE5D6003BFB5D /* Release */ = {
			isa = XCBuildConfiguration;
			buildSettings = {
				ASSETCATALOG_COMPILER_APPICON_NAME = AppIcon;
				ASSETCATALOG_COMPILER_GLOBAL_ACCENT_COLOR_NAME = AccentColor;
				CODE_SIGN_ENTITLEMENTS = macOS/macOS.entitlements;
				CODE_SIGN_STYLE = Automatic;
				COMBINE_HIDPI_IMAGES = YES;
				CURRENT_PROJECT_VERSION = 1;
				DEVELOPMENT_TEAM = JZXFRUSM49;
				ENABLE_HARDENED_RUNTIME = YES;
				ENABLE_PREVIEWS = YES;
				GENERATE_INFOPLIST_FILE = YES;
				INFOPLIST_KEY_NSHumanReadableCopyright = "";
				LD_RUNPATH_SEARCH_PATHS = (
					"$(inherited)",
					"@executable_path/../Frameworks",
				);
				MACOSX_DEPLOYMENT_TARGET = 12.3;
				MARKETING_VERSION = 1.0;
				PRODUCT_BUNDLE_IDENTIFIER = com.vcapretz.ConcentrationGame;
				PRODUCT_NAME = ConcentrationGame;
				SDKROOT = macosx;
				SWIFT_EMIT_LOC_STRINGS = YES;
				SWIFT_VERSION = 5.0;
			};
			name = Release;
		};
/* End XCBuildConfiguration section */

/* Begin XCConfigurationList section */
		C732C60F282FE5D4003BFB5D /* Build configuration list for PBXProject "ConcentrationGame" */ = {
			isa = XCConfigurationList;
			buildConfigurations = (
				C732C627282FE5D6003BFB5D /* Debug */,
				C732C628282FE5D6003BFB5D /* Release */,
			);
			defaultConfigurationIsVisible = 0;
			defaultConfigurationName = Release;
		};
		C732C629282FE5D6003BFB5D /* Build configuration list for PBXNativeTarget "ConcentrationGame (iOS)" */ = {
			isa = XCConfigurationList;
			buildConfigurations = (
				C732C62A282FE5D6003BFB5D /* Debug */,
				C732C62B282FE5D6003BFB5D /* Release */,
			);
			defaultConfigurationIsVisible = 0;
			defaultConfigurationName = Release;
		};
		C732C62C282FE5D6003BFB5D /* Build configuration list for PBXNativeTarget "ConcentrationGame (macOS)" */ = {
			isa = XCConfigurationList;
			buildConfigurations = (
				C732C62D282FE5D6003BFB5D /* Debug */,
				C732C62E282FE5D6003BFB5D /* Release */,
			);
			defaultConfigurationIsVisible = 0;
			defaultConfigurationName = Release;
		};
/* End XCConfigurationList section */
	};
	rootObject = C732C60C282FE5D4003BFB5D /* Project object */;
}
